// !$*UTF8*$!
{
	archiveVersion = 1;
	classes = {
	};
	objectVersion = 51;
	objects = {

/* Begin PBXBuildFile section */
		227CEA4472C1764593D57A94 /* Pods_ReactNativeYandexMaps.framework in Frameworks */ = {isa = PBXBuildFile; fileRef = BA6DB1C5C50FA12CBBE5523E /* Pods_ReactNativeYandexMaps.framework */; };
		E17015A4245724ED0063EE82 /* AppDelegate.swift in Sources */ = {isa = PBXBuildFile; fileRef = E17015A3245724ED0063EE82 /* AppDelegate.swift */; };
		E17015A6245724ED0063EE82 /* SceneDelegate.swift in Sources */ = {isa = PBXBuildFile; fileRef = E17015A5245724ED0063EE82 /* SceneDelegate.swift */; };
		E17015A8245724ED0063EE82 /* ViewController.swift in Sources */ = {isa = PBXBuildFile; fileRef = E17015A7245724ED0063EE82 /* ViewController.swift */; };
		E17015AD245724ED0063EE82 /* Assets.xcassets in Resources */ = {isa = PBXBuildFile; fileRef = E17015AC245724ED0063EE82 /* Assets.xcassets */; };
		E17015B0245724ED0063EE82 /* LaunchScreen.storyboard in Resources */ = {isa = PBXBuildFile; fileRef = E17015AE245724ED0063EE82 /* LaunchScreen.storyboard */; };
		E17015BB24572E220063EE82 /* Main.storyboard in Resources */ = {isa = PBXBuildFile; fileRef = E17015BA24572DDC0063EE82 /* Main.storyboard */; };
		E1DF897F24596A570011EB8E /* Colors.xcassets in Resources */ = {isa = PBXBuildFile; fileRef = E1DF897E24596A570011EB8E /* Colors.xcassets */; };
/* End PBXBuildFile section */

/* Begin PBXFileReference section */
		96CB6957E053058C8E5B4BCB /* Pods-ReactNativeYandexMaps.debug.xcconfig */ = {isa = PBXFileReference; includeInIndex = 1; lastKnownFileType = text.xcconfig; name = "Pods-ReactNativeYandexMaps.debug.xcconfig"; path = "Target Support Files/Pods-ReactNativeYandexMaps/Pods-ReactNativeYandexMaps.debug.xcconfig"; sourceTree = "<group>"; };
		AB586113D0FDD2365D6170B0 /* Pods-ReactNativeYandexMaps.release.xcconfig */ = {isa = PBXFileReference; includeInIndex = 1; lastKnownFileType = text.xcconfig; name = "Pods-ReactNativeYandexMaps.release.xcconfig"; path = "Target Support Files/Pods-ReactNativeYandexMaps/Pods-ReactNativeYandexMaps.release.xcconfig"; sourceTree = "<group>"; };
		BA6DB1C5C50FA12CBBE5523E /* Pods_ReactNativeYandexMaps.framework */ = {isa = PBXFileReference; explicitFileType = wrapper.framework; includeInIndex = 0; path = Pods_ReactNativeYandexMaps.framework; sourceTree = BUILT_PRODUCTS_DIR; };
		E17015A0245724ED0063EE82 /* ReactNativeYandexMaps.app */ = {isa = PBXFileReference; explicitFileType = wrapper.application; includeInIndex = 0; path = ReactNativeYandexMaps.app; sourceTree = BUILT_PRODUCTS_DIR; };
		E17015A3245724ED0063EE82 /* AppDelegate.swift */ = {isa = PBXFileReference; lastKnownFileType = sourcecode.swift; path = AppDelegate.swift; sourceTree = "<group>"; };
		E17015A5245724ED0063EE82 /* SceneDelegate.swift */ = {isa = PBXFileReference; lastKnownFileType = sourcecode.swift; path = SceneDelegate.swift; sourceTree = "<group>"; };
		E17015A7245724ED0063EE82 /* ViewController.swift */ = {isa = PBXFileReference; lastKnownFileType = sourcecode.swift; path = ViewController.swift; sourceTree = "<group>"; };
		E17015AC245724ED0063EE82 /* Assets.xcassets */ = {isa = PBXFileReference; lastKnownFileType = folder.assetcatalog; path = Assets.xcassets; sourceTree = "<group>"; };
		E17015AF245724ED0063EE82 /* Base */ = {isa = PBXFileReference; lastKnownFileType = file.storyboard; name = Base; path = Base.lproj/LaunchScreen.storyboard; sourceTree = "<group>"; };
		E17015B1245724EE0063EE82 /* Info.plist */ = {isa = PBXFileReference; lastKnownFileType = text.plist.xml; path = Info.plist; sourceTree = "<group>"; };
		E17015BA24572DDC0063EE82 /* Main.storyboard */ = {isa = PBXFileReference; lastKnownFileType = file.storyboard; name = Main.storyboard; path = ../Main.storyboard; sourceTree = "<group>"; };
		E1DF897E24596A570011EB8E /* Colors.xcassets */ = {isa = PBXFileReference; lastKnownFileType = folder.assetcatalog; path = Colors.xcassets; sourceTree = "<group>"; };
/* End PBXFileReference section */

/* Begin PBXFrameworksBuildPhase section */
		E170159D245724ED0063EE82 /* Frameworks */ = {
			isa = PBXFrameworksBuildPhase;
			buildActionMask = 2147483647;
			files = (
				227CEA4472C1764593D57A94 /* Pods_ReactNativeYandexMaps.framework in Frameworks */,
			);
			runOnlyForDeploymentPostprocessing = 0;
		};
/* End PBXFrameworksBuildPhase section */

/* Begin PBXGroup section */
		65D21C440EFD35503F52A6A5 /* Frameworks */ = {
			isa = PBXGroup;
			children = (
				BA6DB1C5C50FA12CBBE5523E /* Pods_ReactNativeYandexMaps.framework */,
			);
			name = Frameworks;
			sourceTree = "<group>";
		};
		A30F0C20E80BBD42FC1E7A79 /* Pods */ = {
			isa = PBXGroup;
			children = (
				96CB6957E053058C8E5B4BCB /* Pods-ReactNativeYandexMaps.debug.xcconfig */,
				AB586113D0FDD2365D6170B0 /* Pods-ReactNativeYandexMaps.release.xcconfig */,
			);
			path = Pods;
			sourceTree = "<group>";
		};
		E1701597245724ED0063EE82 = {
			isa = PBXGroup;
			children = (
				E17015A2245724ED0063EE82 /* ReactNativeYandexMaps */,
				E17015A1245724ED0063EE82 /* Products */,
				A30F0C20E80BBD42FC1E7A79 /* Pods */,
				65D21C440EFD35503F52A6A5 /* Frameworks */,
			);
			sourceTree = "<group>";
		};
		E17015A1245724ED0063EE82 /* Products */ = {
			isa = PBXGroup;
			children = (
				E17015A0245724ED0063EE82 /* ReactNativeYandexMaps.app */,
			);
			name = Products;
			sourceTree = "<group>";
		};
		E17015A2245724ED0063EE82 /* ReactNativeYandexMaps */ = {
			isa = PBXGroup;
			children = (
				E17015A3245724ED0063EE82 /* AppDelegate.swift */,
				E17015A5245724ED0063EE82 /* SceneDelegate.swift */,
				E17015BA24572DDC0063EE82 /* Main.storyboard */,
				E17015A7245724ED0063EE82 /* ViewController.swift */,
				E17015AC245724ED0063EE82 /* Assets.xcassets */,
				E1DF897E24596A570011EB8E /* Colors.xcassets */,
				E17015AE245724ED0063EE82 /* LaunchScreen.storyboard */,
				E17015B1245724EE0063EE82 /* Info.plist */,
			);
			path = ReactNativeYandexMaps;
			sourceTree = "<group>";
		};
/* End PBXGroup section */

/* Begin PBXNativeTarget section */
		E170159F245724ED0063EE82 /* ReactNativeYandexMaps */ = {
			isa = PBXNativeTarget;
			buildConfigurationList = E17015B4245724EE0063EE82 /* Build configuration list for PBXNativeTarget "ReactNativeYandexMaps" */;
			buildPhases = (
				7A4C86E2B36250AFEBCC6016 /* [CP] Check Pods Manifest.lock */,
				E170159C245724ED0063EE82 /* Sources */,
				E170159D245724ED0063EE82 /* Frameworks */,
				E170159E245724ED0063EE82 /* Resources */,
				E350089DC149CC7B447C5C70 /* [CP] Copy Pods Resources */,
			);
			buildRules = (
			);
			dependencies = (
			);
			name = ReactNativeYandexMaps;
			productName = ReactNativeYandexMaps;
			productReference = E17015A0245724ED0063EE82 /* ReactNativeYandexMaps.app */;
			productType = "com.apple.product-type.application";
		};
/* End PBXNativeTarget section */

/* Begin PBXProject section */
		E1701598245724ED0063EE82 /* Project object */ = {
			isa = PBXProject;
			attributes = {
				LastSwiftUpdateCheck = 1140;
				LastUpgradeCheck = 1140;
				ORGANIZATIONNAME = "Ruslan Ramazanov";
				TargetAttributes = {
					E170159F245724ED0063EE82 = {
						CreatedOnToolsVersion = 11.4.1;
					};
				};
			};
			buildConfigurationList = E170159B245724ED0063EE82 /* Build configuration list for PBXProject "ReactNativeYandexMaps" */;
			compatibilityVersion = "Xcode 9.3";
			developmentRegion = en;
			hasScannedForEncodings = 0;
			knownRegions = (
				en,
				Base,
			);
			mainGroup = E1701597245724ED0063EE82;
			productRefGroup = E17015A1245724ED0063EE82 /* Products */;
			projectDirPath = "";
			projectRoot = "";
			targets = (
				E170159F245724ED0063EE82 /* ReactNativeYandexMaps */,
			);
		};
/* End PBXProject section */

/* Begin PBXResourcesBuildPhase section */
		E170159E245724ED0063EE82 /* Resources */ = {
			isa = PBXResourcesBuildPhase;
			buildActionMask = 2147483647;
			files = (
				E17015BB24572E220063EE82 /* Main.storyboard in Resources */,
				E1DF897F24596A570011EB8E /* Colors.xcassets in Resources */,
				E17015B0245724ED0063EE82 /* LaunchScreen.storyboard in Resources */,
				E17015AD245724ED0063EE82 /* Assets.xcassets in Resources */,
			);
			runOnlyForDeploymentPostprocessing = 0;
		};
/* End PBXResourcesBuildPhase section */

/* Begin PBXShellScriptBuildPhase section */
		7A4C86E2B36250AFEBCC6016 /* [CP] Check Pods Manifest.lock */ = {
			isa = PBXShellScriptBuildPhase;
			buildActionMask = 2147483647;
			files = (
			);
			inputFileListPaths = (
			);
			inputPaths = (
				"${PODS_PODFILE_DIR_PATH}/Podfile.lock",
				"${PODS_ROOT}/Manifest.lock",
			);
			name = "[CP] Check Pods Manifest.lock";
			outputFileListPaths = (
			);
			outputPaths = (
				"$(DERIVED_FILE_DIR)/Pods-ReactNativeYandexMaps-checkManifestLockResult.txt",
			);
			runOnlyForDeploymentPostprocessing = 0;
			shellPath = /bin/sh;
			shellScript = "diff \"${PODS_PODFILE_DIR_PATH}/Podfile.lock\" \"${PODS_ROOT}/Manifest.lock\" > /dev/null\nif [ $? != 0 ] ; then\n    # print error to STDERR\n    echo \"error: The sandbox is not in sync with the Podfile.lock. Run 'pod install' or update your CocoaPods installation.\" >&2\n    exit 1\nfi\n# This output is used by Xcode 'outputs' to avoid re-running this script phase.\necho \"SUCCESS\" > \"${SCRIPT_OUTPUT_FILE_0}\"\n";
			showEnvVarsInLog = 0;
		};
		E350089DC149CC7B447C5C70 /* [CP] Copy Pods Resources */ = {
			isa = PBXShellScriptBuildPhase;
			buildActionMask = 2147483647;
			files = (
			);
			inputFileListPaths = (
				"${PODS_ROOT}/Target Support Files/Pods-ReactNativeYandexMaps/Pods-ReactNativeYandexMaps-resources-${CONFIGURATION}-input-files.xcfilelist",
			);
			name = "[CP] Copy Pods Resources";
			outputFileListPaths = (
				"${PODS_ROOT}/Target Support Files/Pods-ReactNativeYandexMaps/Pods-ReactNativeYandexMaps-resources-${CONFIGURATION}-output-files.xcfilelist",
			);
			runOnlyForDeploymentPostprocessing = 0;
			shellPath = /bin/sh;
			shellScript = "\"${PODS_ROOT}/Target Support Files/Pods-ReactNativeYandexMaps/Pods-ReactNativeYandexMaps-resources.sh\"\n";
			showEnvVarsInLog = 0;
		};
/* End PBXShellScriptBuildPhase section */

/* Begin PBXSourcesBuildPhase section */
		E170159C245724ED0063EE82 /* Sources */ = {
			isa = PBXSourcesBuildPhase;
			buildActionMask = 2147483647;
			files = (
				E17015A8245724ED0063EE82 /* ViewController.swift in Sources */,
				E17015A4245724ED0063EE82 /* AppDelegate.swift in Sources */,
				E17015A6245724ED0063EE82 /* SceneDelegate.swift in Sources */,
			);
			runOnlyForDeploymentPostprocessing = 0;
		};
/* End PBXSourcesBuildPhase section */

/* Begin PBXVariantGroup section */
		E17015AE245724ED0063EE82 /* LaunchScreen.storyboard */ = {
			isa = PBXVariantGroup;
			children = (
				E17015AF245724ED0063EE82 /* Base */,
			);
			name = LaunchScreen.storyboard;
			sourceTree = "<group>";
		};
/* End PBXVariantGroup section */

/* Begin XCBuildConfiguration section */
		E17015B2245724EE0063EE82 /* Debug */ = {
			isa = XCBuildConfiguration;
			buildSettings = {
				ALWAYS_SEARCH_USER_PATHS = NO;
				CLANG_ANALYZER_NONNULL = YES;
				CLANG_ANALYZER_NUMBER_OBJECT_CONVERSION = YES_AGGRESSIVE;
				CLANG_CXX_LANGUAGE_STANDARD = "gnu++14";
				CLANG_CXX_LIBRARY = "libc++";
				CLANG_ENABLE_MODULES = YES;
				CLANG_ENABLE_OBJC_ARC = YES;
				CLANG_ENABLE_OBJC_WEAK = YES;
				CLANG_WARN_BLOCK_CAPTURE_AUTORELEASING = YES;
				CLANG_WARN_BOOL_CONVERSION = YES;
				CLANG_WARN_COMMA = YES;
				CLANG_WARN_CONSTANT_CONVERSION = YES;
				CLANG_WARN_DEPRECATED_OBJC_IMPLEMENTATIONS = YES;
				CLANG_WARN_DIRECT_OBJC_ISA_USAGE = YES_ERROR;
				CLANG_WARN_DOCUMENTATION_COMMENTS = YES;
				CLANG_WARN_EMPTY_BODY = YES;
				CLANG_WARN_ENUM_CONVERSION = YES;
				CLANG_WARN_INFINITE_RECURSION = YES;
				CLANG_WARN_INT_CONVERSION = YES;
				CLANG_WARN_NON_LITERAL_NULL_CONVERSION = YES;
				CLANG_WARN_OBJC_IMPLICIT_RETAIN_SELF = YES;
				CLANG_WARN_OBJC_LITERAL_CONVERSION = YES;
				CLANG_WARN_OBJC_ROOT_CLASS = YES_ERROR;
				CLANG_WARN_RANGE_LOOP_ANALYSIS = YES;
				CLANG_WARN_STRICT_PROTOTYPES = YES;
				CLANG_WARN_SUSPICIOUS_MOVE = YES;
				CLANG_WARN_UNGUARDED_AVAILABILITY = YES_AGGRESSIVE;
				CLANG_WARN_UNREACHABLE_CODE = YES;
				CLANG_WARN__DUPLICATE_METHOD_MATCH = YES;
				COPY_PHASE_STRIP = NO;
				DEBUG_INFORMATION_FORMAT = dwarf;
				ENABLE_STRICT_OBJC_MSGSEND = YES;
				ENABLE_TESTABILITY = YES;
				GCC_C_LANGUAGE_STANDARD = gnu11;
				GCC_DYNAMIC_NO_PIC = NO;
				GCC_NO_COMMON_BLOCKS = YES;
				GCC_OPTIMIZATION_LEVEL = 0;
				GCC_PREPROCESSOR_DEFINITIONS = (
					"DEBUG=1",
					"$(inherited)",
				);
				GCC_WARN_64_TO_32_BIT_CONVERSION = YES;
				GCC_WARN_ABOUT_RETURN_TYPE = YES_ERROR;
				GCC_WARN_UNDECLARED_SELECTOR = YES;
				GCC_WARN_UNINITIALIZED_AUTOS = YES_AGGRESSIVE;
				GCC_WARN_UNUSED_FUNCTION = YES;
				GCC_WARN_UNUSED_VARIABLE = YES;
				IPHONEOS_DEPLOYMENT_TARGET = 13.4;
				MTL_ENABLE_DEBUG_INFO = INCLUDE_SOURCE;
				MTL_FAST_MATH = YES;
				ONLY_ACTIVE_ARCH = YES;
				SDKROOT = iphoneos;
				SWIFT_ACTIVE_COMPILATION_CONDITIONS = DEBUG;
				SWIFT_OPTIMIZATION_LEVEL = "-Onone";
			};
			name = Debug;
		};
		E17015B3245724EE0063EE82 /* Release */ = {
			isa = XCBuildConfiguration;
			buildSettings = {
				ALWAYS_SEARCH_USER_PATHS = NO;
				CLANG_ANALYZER_NONNULL = YES;
				CLANG_ANALYZER_NUMBER_OBJECT_CONVERSION = YES_AGGRESSIVE;
				CLANG_CXX_LANGUAGE_STANDARD = "gnu++14";
				CLANG_CXX_LIBRARY = "libc++";
				CLANG_ENABLE_MODULES = YES;
				CLANG_ENABLE_OBJC_ARC = YES;
				CLANG_ENABLE_OBJC_WEAK = YES;
				CLANG_WARN_BLOCK_CAPTURE_AUTORELEASING = YES;
				CLANG_WARN_BOOL_CONVERSION = YES;
				CLANG_WARN_COMMA = YES;
				CLANG_WARN_CONSTANT_CONVERSION = YES;
				CLANG_WARN_DEPRECATED_OBJC_IMPLEMENTATIONS = YES;
				CLANG_WARN_DIRECT_OBJC_ISA_USAGE = YES_ERROR;
				CLANG_WARN_DOCUMENTATION_COMMENTS = YES;
				CLANG_WARN_EMPTY_BODY = YES;
				CLANG_WARN_ENUM_CONVERSION = YES;
				CLANG_WARN_INFINITE_RECURSION = YES;
				CLANG_WARN_INT_CONVERSION = YES;
				CLANG_WARN_NON_LITERAL_NULL_CONVERSION = YES;
				CLANG_WARN_OBJC_IMPLICIT_RETAIN_SELF = YES;
				CLANG_WARN_OBJC_LITERAL_CONVERSION = YES;
				CLANG_WARN_OBJC_ROOT_CLASS = YES_ERROR;
				CLANG_WARN_RANGE_LOOP_ANALYSIS = YES;
				CLANG_WARN_STRICT_PROTOTYPES = YES;
				CLANG_WARN_SUSPICIOUS_MOVE = YES;
				CLANG_WARN_UNGUARDED_AVAILABILITY = YES_AGGRESSIVE;
				CLANG_WARN_UNREACHABLE_CODE = YES;
				CLANG_WARN__DUPLICATE_METHOD_MATCH = YES;
				COPY_PHASE_STRIP = NO;
				DEBUG_INFORMATION_FORMAT = "dwarf-with-dsym";
				ENABLE_NS_ASSERTIONS = NO;
				ENABLE_STRICT_OBJC_MSGSEND = YES;
				GCC_C_LANGUAGE_STANDARD = gnu11;
				GCC_NO_COMMON_BLOCKS = YES;
				GCC_WARN_64_TO_32_BIT_CONVERSION = YES;
				GCC_WARN_ABOUT_RETURN_TYPE = YES_ERROR;
				GCC_WARN_UNDECLARED_SELECTOR = YES;
				GCC_WARN_UNINITIALIZED_AUTOS = YES_AGGRESSIVE;
				GCC_WARN_UNUSED_FUNCTION = YES;
				GCC_WARN_UNUSED_VARIABLE = YES;
				IPHONEOS_DEPLOYMENT_TARGET = 13.4;
				MTL_ENABLE_DEBUG_INFO = NO;
				MTL_FAST_MATH = YES;
				SDKROOT = iphoneos;
				SWIFT_COMPILATION_MODE = wholemodule;
				SWIFT_OPTIMIZATION_LEVEL = "-O";
				VALIDATE_PRODUCT = YES;
			};
			name = Release;
		};
		E17015B5245724EE0063EE82 /* Debug */ = {
			isa = XCBuildConfiguration;
			baseConfigurationReference = 96CB6957E053058C8E5B4BCB /* Pods-ReactNativeYandexMaps.debug.xcconfig */;
			buildSettings = {
				ASSETCATALOG_COMPILER_APPICON_NAME = AppIcon;
				CODE_SIGN_STYLE = Automatic;
				INFOPLIST_FILE = ReactNativeYandexMaps/Info.plist;
				LD_RUNPATH_SEARCH_PATHS = (
					"$(inherited)",
					"@executable_path/Frameworks",
				);
				PRODUCT_BUNDLE_IDENTIFIER = com.ruslanatlant.reactnativeyandexmaps;
				PRODUCT_NAME = "$(TARGET_NAME)";
				SWIFT_VERSION = 5.0;
				TARGETED_DEVICE_FAMILY = 1;
			};
			name = Debug;
		};
		E17015B6245724EE0063EE82 /* Release */ = {
			isa = XCBuildConfiguration;
			baseConfigurationReference = AB586113D0FDD2365D6170B0 /* Pods-ReactNativeYandexMaps.release.xcconfig */;
			buildSettings = {
				ASSETCATALOG_COMPILER_APPICON_NAME = AppIcon;
				CODE_SIGN_STYLE = Automatic;
				INFOPLIST_FILE = ReactNativeYandexMaps/Info.plist;
				LD_RUNPATH_SEARCH_PATHS = (
					"$(inherited)",
					"@executable_path/Frameworks",
				);
				PRODUCT_BUNDLE_IDENTIFIER = com.ruslanatlant.reactnativeyandexmaps;
				PRODUCT_NAME = "$(TARGET_NAME)";
				SWIFT_VERSION = 5.0;
				TARGETED_DEVICE_FAMILY = 1;
			};
			name = Release;
		};
/* End XCBuildConfiguration section */

/* Begin XCConfigurationList section */
		E170159B245724ED0063EE82 /* Build configuration list for PBXProject "ReactNativeYandexMaps" */ = {
			isa = XCConfigurationList;
			buildConfigurations = (
				E17015B2245724EE0063EE82 /* Debug */,
				E17015B3245724EE0063EE82 /* Release */,
			);
			defaultConfigurationIsVisible = 0;
			defaultConfigurationName = Release;
		};
		E17015B4245724EE0063EE82 /* Build configuration list for PBXNativeTarget "ReactNativeYandexMaps" */ = {
			isa = XCConfigurationList;
			buildConfigurations = (
				E17015B5245724EE0063EE82 /* Debug */,
				E17015B6245724EE0063EE82 /* Release */,
			);
			defaultConfigurationIsVisible = 0;
			defaultConfigurationName = Release;
		};
/* End XCConfigurationList section */
	};
	rootObject = E1701598245724ED0063EE82 /* Project object */;
}
